github.com/libsilverwolf/hugo-theme-re-terminal v0.0.0-20250616060843-c852ff986bf9 h1:gOcT9erWx7tWFEBx5d4Cdfk4v4lZHTTGZAHm/GP3EgQ=
github.com/libsilverwolf/hugo-theme-re-terminal v0.0.0-20250616060843-c852ff986bf9/go.mod h1:u4fLlbYLW/69QtaMp8CwYr7sIWHXxZTCDvgRkyYbMOw=
github.com/libsilverwolf/hugo-theme-re-terminal v0.0.0-20250617074114-3544410b8500 h1:Miq3VUWsgLfTRmP2c4kMwDv1422w/1atoRYiYj4FxhY=
github.com/libsilverwolf/hugo-theme-re-terminal v0.0.0-20250617074114-3544410b8500/go.mod h1:u4fLlbYLW/69QtaMp8CwYr7sIWHXxZTCDvgRkyYbMOw=
github.com/libsilverwolf/hugo-theme-re-terminal v0.0.0-20250617075333-53f86fb99a20 h1:kuGxGEK9g7/V+6iv0AOIxdGwtdIvo+9/wY0fCpaj0Gg=
github.com/libsilverwolf/hugo-theme-re-terminal v0.0.0-20250617075333-53f86fb99a20/go.mod h1:u4fLlbYLW/69QtaMp8CwYr7sIWHXxZTCDvgRkyYbMOw=
